{
  "name": "cloak-content-utils",
  "version": "0.0.0",
  "lockfileVersion": 3,
  "requires": true,
  "packages": {
    "": {
      "name": "cloak-content-utils",
      "version": "0.0.0",
      "dependencies": {
        "@types/wicg-file-system-access": "^2020.9.6"
      },
      "devDependencies": {}
    },
    "node_modules/@types/wicg-file-system-access": {
      "version": "2020.9.6",
      "resolved": "https://registry.npmjs.org/@types/wicg-file-system-access/-/wicg-file-system-access-2020.9.6.tgz",
      "integrity": "sha512-6hogE75Hl2Ov/jgp8ZhDaGmIF/q3J07GtXf8nCJCwKTHq7971po5+DId7grft09zG7plBwpF6ZU0yx9Du4/e1A=="
    }
  }
}
